// !$*UTF8*$!
{
	archiveVersion = 1;
	classes = {
	};
	objectVersion = 53;
	objects = {

/* Begin PBXBuildFile section */
		CF5624C62A0D988800CBD395 /* Assets.swift in Sources */ = {isa = PBXBuildFile; fileRef = CF5624C52A0D988800CBD395 /* Assets.swift */; };
		CF8C85862A0CA3C0006E9FF9 /* TeamTableViewCell.swift in Sources */ = {isa = PBXBuildFile; fileRef = CF8C85852A0CA3C0006E9FF9 /* TeamTableViewCell.swift */; };
		CFFBD9C52A0C74A700CE76BC /* AppDelegate.swift in Sources */ = {isa = PBXBuildFile; fileRef = CFFBD9C42A0C74A700CE76BC /* AppDelegate.swift */; };
		CFFBD9C72A0C74A700CE76BC /* SceneDelegate.swift in Sources */ = {isa = PBXBuildFile; fileRef = CFFBD9C62A0C74A700CE76BC /* SceneDelegate.swift */; };
		CFFBD9CC2A0C74A700CE76BC /* Main.storyboard in Resources */ = {isa = PBXBuildFile; fileRef = CFFBD9CA2A0C74A700CE76BC /* Main.storyboard */; };
		CFFBD9D12A0C74A900CE76BC /* LaunchScreen.storyboard in Resources */ = {isa = PBXBuildFile; fileRef = CFFBD9CF2A0C74A900CE76BC /* LaunchScreen.storyboard */; };
		CFFBD9EE2A0C78D200CE76BC /* burnley.mp3 in Resources */ = {isa = PBXBuildFile; fileRef = CFFBD9DA2A0C78D200CE76BC /* burnley.mp3 */; };
		CFFBD9EF2A0C78D200CE76BC /* newcastle.mp3 in Resources */ = {isa = PBXBuildFile; fileRef = CFFBD9DB2A0C78D200CE76BC /* newcastle.mp3 */; };
		CFFBD9F02A0C78D200CE76BC /* sheffield.mp3 in Resources */ = {isa = PBXBuildFile; fileRef = CFFBD9DC2A0C78D200CE76BC /* sheffield.mp3 */; };
		CFFBD9F12A0C78D200CE76BC /* west_brom.mp3 in Resources */ = {isa = PBXBuildFile; fileRef = CFFBD9DD2A0C78D200CE76BC /* west_brom.mp3 */; };
		CFFBD9F22A0C78D200CE76BC /* wolves.mp3 in Resources */ = {isa = PBXBuildFile; fileRef = CFFBD9DE2A0C78D200CE76BC /* wolves.mp3 */; };
		CFFBD9F32A0C78D200CE76BC /* aston_villa.mp3 in Resources */ = {isa = PBXBuildFile; fileRef = CFFBD9DF2A0C78D200CE76BC /* aston_villa.mp3 */; };
		CFFBD9F42A0C78D200CE76BC /* liverpool.mp3 in Resources */ = {isa = PBXBuildFile; fileRef = CFFBD9E02A0C78D200CE76BC /* liverpool.mp3 */; };
		CFFBD9F52A0C78D200CE76BC /* fulham.mp3 in Resources */ = {isa = PBXBuildFile; fileRef = CFFBD9E12A0C78D200CE76BC /* fulham.mp3 */; };
		CFFBD9F62A0C78D200CE76BC /* southampton.mp3 in Resources */ = {isa = PBXBuildFile; fileRef = CFFBD9E22A0C78D200CE76BC /* southampton.mp3 */; };
		CFFBD9F72A0C78D200CE76BC /* chelsea.mp3 in Resources */ = {isa = PBXBuildFile; fileRef = CFFBD9E32A0C78D200CE76BC /* chelsea.mp3 */; };
		CFFBD9F82A0C78D200CE76BC /* leeds.mp3 in Resources */ = {isa = PBXBuildFile; fileRef = CFFBD9E42A0C78D200CE76BC /* leeds.mp3 */; };
		CFFBD9F92A0C78D200CE76BC /* palace.mp3 in Resources */ = {isa = PBXBuildFile; fileRef = CFFBD9E52A0C78D200CE76BC /* palace.mp3 */; };
		CFFBD9FA2A0C78D200CE76BC /* tottenham.mp3 in Resources */ = {isa = PBXBuildFile; fileRef = CFFBD9E62A0C78D200CE76BC /* tottenham.mp3 */; };
		CFFBD9FB2A0C78D200CE76BC /* brighton.mp3 in Resources */ = {isa = PBXBuildFile; fileRef = CFFBD9E72A0C78D200CE76BC /* brighton.mp3 */; };
		CFFBD9FC2A0C78D200CE76BC /* leicester.mp3 in Resources */ = {isa = PBXBuildFile; fileRef = CFFBD9E82A0C78D200CE76BC /* leicester.mp3 */; };
		CFFBD9FD2A0C78D200CE76BC /* manchester_city.mp3 in Resources */ = {isa = PBXBuildFile; fileRef = CFFBD9E92A0C78D200CE76BC /* manchester_city.mp3 */; };
		CFFBD9FE2A0C78D200CE76BC /* manchester_united.mp3 in Resources */ = {isa = PBXBuildFile; fileRef = CFFBD9EA2A0C78D200CE76BC /* manchester_united.mp3 */; };
		CFFBD9FF2A0C78D200CE76BC /* arsenal.mp3 in Resources */ = {isa = PBXBuildFile; fileRef = CFFBD9EB2A0C78D200CE76BC /* arsenal.mp3 */; };
		CFFBDA002A0C78D200CE76BC /* everton.mp3 in Resources */ = {isa = PBXBuildFile; fileRef = CFFBD9EC2A0C78D200CE76BC /* everton.mp3 */; };
		CFFBDA012A0C78D200CE76BC /* Teams.swift in Sources */ = {isa = PBXBuildFile; fileRef = CFFBD9ED2A0C78D200CE76BC /* Teams.swift */; };
		CFFBDA032A0C78F000CE76BC /* Assets.xcassets in Resources */ = {isa = PBXBuildFile; fileRef = CFFBDA022A0C78F000CE76BC /* Assets.xcassets */; };
		CFFBDA062A0C7BA700CE76BC /* ChantsViewController.swift in Sources */ = {isa = PBXBuildFile; fileRef = CFFBDA052A0C7BA700CE76BC /* ChantsViewController.swift */; };
		CFFBDA092A0C99B600CE76BC /* Team.swift in Sources */ = {isa = PBXBuildFile; fileRef = CFFBDA082A0C99B600CE76BC /* Team.swift */; };
		CFFBDA0B2A0C9A3300CE76BC /* Manager.swift in Sources */ = {isa = PBXBuildFile; fileRef = CFFBDA0A2A0C9A3300CE76BC /* Manager.swift */; };
		CFFBDA0E2A0C9F2300CE76BC /* TeamsViewModel.swift in Sources */ = {isa = PBXBuildFile; fileRef = CFFBDA0D2A0C9F2300CE76BC /* TeamsViewModel.swift */; };
/* End PBXBuildFile section */

/* Begin PBXFileReference section */
		CF5624C52A0D988800CBD395 /* Assets.swift */ = {isa = PBXFileReference; lastKnownFileType = sourcecode.swift; path = Assets.swift; sourceTree = "<group>"; };
		CF8C85852A0CA3C0006E9FF9 /* TeamTableViewCell.swift */ = {isa = PBXFileReference; lastKnownFileType = sourcecode.swift; path = TeamTableViewCell.swift; sourceTree = "<group>"; };
		CFFBD9C12A0C74A700CE76BC /* Football Chants.app */ = {isa = PBXFileReference; explicitFileType = wrapper.application; includeInIndex = 0; path = "Football Chants.app"; sourceTree = BUILT_PRODUCTS_DIR; };
		CFFBD9C42A0C74A700CE76BC /* AppDelegate.swift */ = {isa = PBXFileReference; lastKnownFileType = sourcecode.swift; path = AppDelegate.swift; sourceTree = "<group>"; };
		CFFBD9C62A0C74A700CE76BC /* SceneDelegate.swift */ = {isa = PBXFileReference; lastKnownFileType = sourcecode.swift; path = SceneDelegate.swift; sourceTree = "<group>"; };
		CFFBD9CB2A0C74A700CE76BC /* Base */ = {isa = PBXFileReference; lastKnownFileType = file.storyboard; name = Base; path = Base.lproj/Main.storyboard; sourceTree = "<group>"; };
		CFFBD9D02A0C74A900CE76BC /* Base */ = {isa = PBXFileReference; lastKnownFileType = file.storyboard; name = Base; path = Base.lproj/LaunchScreen.storyboard; sourceTree = "<group>"; };
		CFFBD9D22A0C74A900CE76BC /* Info.plist */ = {isa = PBXFileReference; lastKnownFileType = text.plist.xml; path = Info.plist; sourceTree = "<group>"; };
		CFFBD9DA2A0C78D200CE76BC /* burnley.mp3 */ = {isa = PBXFileReference; lastKnownFileType = audio.mp3; path = burnley.mp3; sourceTree = "<group>"; };
		CFFBD9DB2A0C78D200CE76BC /* newcastle.mp3 */ = {isa = PBXFileReference; lastKnownFileType = audio.mp3; path = newcastle.mp3; sourceTree = "<group>"; };
		CFFBD9DC2A0C78D200CE76BC /* sheffield.mp3 */ = {isa = PBXFileReference; lastKnownFileType = audio.mp3; path = sheffield.mp3; sourceTree = "<group>"; };
		CFFBD9DD2A0C78D200CE76BC /* west_brom.mp3 */ = {isa = PBXFileReference; lastKnownFileType = audio.mp3; path = west_brom.mp3; sourceTree = "<group>"; };
		CFFBD9DE2A0C78D200CE76BC /* wolves.mp3 */ = {isa = PBXFileReference; lastKnownFileType = audio.mp3; path = wolves.mp3; sourceTree = "<group>"; };
		CFFBD9DF2A0C78D200CE76BC /* aston_villa.mp3 */ = {isa = PBXFileReference; lastKnownFileType = audio.mp3; path = aston_villa.mp3; sourceTree = "<group>"; };
		CFFBD9E02A0C78D200CE76BC /* liverpool.mp3 */ = {isa = PBXFileReference; lastKnownFileType = audio.mp3; path = liverpool.mp3; sourceTree = "<group>"; };
		CFFBD9E12A0C78D200CE76BC /* fulham.mp3 */ = {isa = PBXFileReference; lastKnownFileType = audio.mp3; path = fulham.mp3; sourceTree = "<group>"; };
		CFFBD9E22A0C78D200CE76BC /* southampton.mp3 */ = {isa = PBXFileReference; lastKnownFileType = audio.mp3; path = southampton.mp3; sourceTree = "<group>"; };
		CFFBD9E32A0C78D200CE76BC /* chelsea.mp3 */ = {isa = PBXFileReference; lastKnownFileType = audio.mp3; path = chelsea.mp3; sourceTree = "<group>"; };
		CFFBD9E42A0C78D200CE76BC /* leeds.mp3 */ = {isa = PBXFileReference; lastKnownFileType = audio.mp3; path = leeds.mp3; sourceTree = "<group>"; };
		CFFBD9E52A0C78D200CE76BC /* palace.mp3 */ = {isa = PBXFileReference; lastKnownFileType = audio.mp3; path = palace.mp3; sourceTree = "<group>"; };
		CFFBD9E62A0C78D200CE76BC /* tottenham.mp3 */ = {isa = PBXFileReference; lastKnownFileType = audio.mp3; path = tottenham.mp3; sourceTree = "<group>"; };
		CFFBD9E72A0C78D200CE76BC /* brighton.mp3 */ = {isa = PBXFileReference; lastKnownFileType = audio.mp3; path = brighton.mp3; sourceTree = "<group>"; };
		CFFBD9E82A0C78D200CE76BC /* leicester.mp3 */ = {isa = PBXFileReference; lastKnownFileType = audio.mp3; path = leicester.mp3; sourceTree = "<group>"; };
		CFFBD9E92A0C78D200CE76BC /* manchester_city.mp3 */ = {isa = PBXFileReference; lastKnownFileType = audio.mp3; path = manchester_city.mp3; sourceTree = "<group>"; };
		CFFBD9EA2A0C78D200CE76BC /* manchester_united.mp3 */ = {isa = PBXFileReference; lastKnownFileType = audio.mp3; path = manchester_united.mp3; sourceTree = "<group>"; };
		CFFBD9EB2A0C78D200CE76BC /* arsenal.mp3 */ = {isa = PBXFileReference; lastKnownFileType = audio.mp3; path = arsenal.mp3; sourceTree = "<group>"; };
		CFFBD9EC2A0C78D200CE76BC /* everton.mp3 */ = {isa = PBXFileReference; lastKnownFileType = audio.mp3; path = everton.mp3; sourceTree = "<group>"; };
		CFFBD9ED2A0C78D200CE76BC /* Teams.swift */ = {isa = PBXFileReference; fileEncoding = 4; lastKnownFileType = sourcecode.swift; path = Teams.swift; sourceTree = "<group>"; };
		CFFBDA022A0C78F000CE76BC /* Assets.xcassets */ = {isa = PBXFileReference; lastKnownFileType = folder.assetcatalog; path = Assets.xcassets; sourceTree = "<group>"; };
		CFFBDA052A0C7BA700CE76BC /* ChantsViewController.swift */ = {isa = PBXFileReference; lastKnownFileType = sourcecode.swift; path = ChantsViewController.swift; sourceTree = "<group>"; };
		CFFBDA082A0C99B600CE76BC /* Team.swift */ = {isa = PBXFileReference; lastKnownFileType = sourcecode.swift; path = Team.swift; sourceTree = "<group>"; };
		CFFBDA0A2A0C9A3300CE76BC /* Manager.swift */ = {isa = PBXFileReference; lastKnownFileType = sourcecode.swift; path = Manager.swift; sourceTree = "<group>"; };
		CFFBDA0D2A0C9F2300CE76BC /* TeamsViewModel.swift */ = {isa = PBXFileReference; fileEncoding = 4; lastKnownFileType = sourcecode.swift; path = TeamsViewModel.swift; sourceTree = "<group>"; };
/* End PBXFileReference section */

/* Begin PBXFrameworksBuildPhase section */
		CFFBD9BE2A0C74A700CE76BC /* Frameworks */ = {
			isa = PBXFrameworksBuildPhase;
			buildActionMask = 2147483647;
			files = (
			);
			runOnlyForDeploymentPostprocessing = 0;
		};
/* End PBXFrameworksBuildPhase section */

/* Begin PBXGroup section */
		CF8C85842A0CA39F006E9FF9 /* Views */ = {
			isa = PBXGroup;
			children = (
				CF8C85852A0CA3C0006E9FF9 /* TeamTableViewCell.swift */,
			);
			path = Views;
			sourceTree = "<group>";
		};
		CFFBD9B82A0C74A600CE76BC = {
			isa = PBXGroup;
			children = (
				CFFBD9C32A0C74A700CE76BC /* Football Chants */,
				CFFBD9C22A0C74A700CE76BC /* Products */,
			);
			sourceTree = "<group>";
		};
		CFFBD9C22A0C74A700CE76BC /* Products */ = {
			isa = PBXGroup;
			children = (
				CFFBD9C12A0C74A700CE76BC /* Football Chants.app */,
			);
			name = Products;
			sourceTree = "<group>";
		};
		CFFBD9C32A0C74A700CE76BC /* Football Chants */ = {
			isa = PBXGroup;
			children = (
				CF8C85842A0CA39F006E9FF9 /* Views */,
				CFFBDA0C2A0C9F2300CE76BC /* ViewModel */,
				CFFBDA072A0C99A300CE76BC /* Model */,
				CFFBDA042A0C7B8200CE76BC /* ViewControllers */,
				CFFBD9D82A0C78D200CE76BC /* Resources */,
				CFFBD9C42A0C74A700CE76BC /* AppDelegate.swift */,
				CFFBDA022A0C78F000CE76BC /* Assets.xcassets */,
				CFFBD9C62A0C74A700CE76BC /* SceneDelegate.swift */,
				CFFBD9CA2A0C74A700CE76BC /* Main.storyboard */,
				CFFBD9CF2A0C74A900CE76BC /* LaunchScreen.storyboard */,
				CFFBD9D22A0C74A900CE76BC /* Info.plist */,
			);
			path = "Football Chants";
			sourceTree = "<group>";
		};
		CFFBD9D82A0C78D200CE76BC /* Resources */ = {
			isa = PBXGroup;
			children = (
				CFFBD9D92A0C78D200CE76BC /* Chants */,
				CFFBD9ED2A0C78D200CE76BC /* Teams.swift */,
				CF5624C52A0D988800CBD395 /* Assets.swift */,
			);
			path = Resources;
			sourceTree = "<group>";
		};
		CFFBD9D92A0C78D200CE76BC /* Chants */ = {
			isa = PBXGroup;
			children = (
				CFFBD9DA2A0C78D200CE76BC /* burnley.mp3 */,
				CFFBD9DB2A0C78D200CE76BC /* newcastle.mp3 */,
				CFFBD9DC2A0C78D200CE76BC /* sheffield.mp3 */,
				CFFBD9DD2A0C78D200CE76BC /* west_brom.mp3 */,
				CFFBD9DE2A0C78D200CE76BC /* wolves.mp3 */,
				CFFBD9DF2A0C78D200CE76BC /* aston_villa.mp3 */,
				CFFBD9E02A0C78D200CE76BC /* liverpool.mp3 */,
				CFFBD9E12A0C78D200CE76BC /* fulham.mp3 */,
				CFFBD9E22A0C78D200CE76BC /* southampton.mp3 */,
				CFFBD9E32A0C78D200CE76BC /* chelsea.mp3 */,
				CFFBD9E42A0C78D200CE76BC /* leeds.mp3 */,
				CFFBD9E52A0C78D200CE76BC /* palace.mp3 */,
				CFFBD9E62A0C78D200CE76BC /* tottenham.mp3 */,
				CFFBD9E72A0C78D200CE76BC /* brighton.mp3 */,
				CFFBD9E82A0C78D200CE76BC /* leicester.mp3 */,
				CFFBD9E92A0C78D200CE76BC /* manchester_city.mp3 */,
				CFFBD9EA2A0C78D200CE76BC /* manchester_united.mp3 */,
				CFFBD9EB2A0C78D200CE76BC /* arsenal.mp3 */,
				CFFBD9EC2A0C78D200CE76BC /* everton.mp3 */,
			);
			path = Chants;
			sourceTree = "<group>";
		};
		CFFBDA042A0C7B8200CE76BC /* ViewControllers */ = {
			isa = PBXGroup;
			children = (
				CFFBDA052A0C7BA700CE76BC /* ChantsViewController.swift */,
			);
			path = ViewControllers;
			sourceTree = "<group>";
		};
		CFFBDA072A0C99A300CE76BC /* Model */ = {
			isa = PBXGroup;
			children = (
				CFFBDA082A0C99B600CE76BC /* Team.swift */,
				CFFBDA0A2A0C9A3300CE76BC /* Manager.swift */,
			);
			path = Model;
			sourceTree = "<group>";
		};
		CFFBDA0C2A0C9F2300CE76BC /* ViewModel */ = {
			isa = PBXGroup;
			children = (
				CFFBDA0D2A0C9F2300CE76BC /* TeamsViewModel.swift */,
			);
			path = ViewModel;
			sourceTree = "<group>";
		};
/* End PBXGroup section */

/* Begin PBXNativeTarget section */
		CFFBD9C02A0C74A700CE76BC /* Football Chants */ = {
			isa = PBXNativeTarget;
			buildConfigurationList = CFFBD9D52A0C74A900CE76BC /* Build configuration list for PBXNativeTarget "Football Chants" */;
			buildPhases = (
				CFFBD9BD2A0C74A700CE76BC /* Sources */,
				CFFBD9BE2A0C74A700CE76BC /* Frameworks */,
				CFFBD9BF2A0C74A700CE76BC /* Resources */,
			);
			buildRules = (
			);
			dependencies = (
			);
			name = "Football Chants";
			productName = "Football Chants";
			productReference = CFFBD9C12A0C74A700CE76BC /* Football Chants.app */;
			productType = "com.apple.product-type.application";
		};
/* End PBXNativeTarget section */

/* Begin PBXProject section */
		CFFBD9B92A0C74A600CE76BC /* Project object */ = {
			isa = PBXProject;
			attributes = {
				BuildIndependentTargetsInParallel = 1;
				LastSwiftUpdateCheck = 1430;
				LastUpgradeCheck = 1430;
				TargetAttributes = {
					CFFBD9C02A0C74A700CE76BC = {
						CreatedOnToolsVersion = 14.3;
					};
				};
			};
			buildConfigurationList = CFFBD9BC2A0C74A700CE76BC /* Build configuration list for PBXProject "Football Chants" */;
			compatibilityVersion = "Xcode 9.3";
			developmentRegion = en;
			hasScannedForEncodings = 0;
			knownRegions = (
				en,
				Base,
			);
			mainGroup = CFFBD9B82A0C74A600CE76BC;
			productRefGroup = CFFBD9C22A0C74A700CE76BC /* Products */;
			projectDirPath = "";
			projectRoot = "";
			targets = (
				CFFBD9C02A0C74A700CE76BC /* Football Chants */,
			);
		};
/* End PBXProject section */

/* Begin PBXResourcesBuildPhase section */
		CFFBD9BF2A0C74A700CE76BC /* Resources */ = {
			isa = PBXResourcesBuildPhase;
			buildActionMask = 2147483647;
			files = (
				CFFBD9F92A0C78D200CE76BC /* palace.mp3 in Resources */,
				CFFBD9F52A0C78D200CE76BC /* fulham.mp3 in Resources */,
				CFFBDA032A0C78F000CE76BC /* Assets.xcassets in Resources */,
				CFFBD9F72A0C78D200CE76BC /* chelsea.mp3 in Resources */,
				CFFBD9F22A0C78D200CE76BC /* wolves.mp3 in Resources */,
				CFFBDA002A0C78D200CE76BC /* everton.mp3 in Resources */,
				CFFBD9D12A0C74A900CE76BC /* LaunchScreen.storyboard in Resources */,
				CFFBD9F62A0C78D200CE76BC /* southampton.mp3 in Resources */,
				CFFBD9F32A0C78D200CE76BC /* aston_villa.mp3 in Resources */,
				CFFBD9FC2A0C78D200CE76BC /* leicester.mp3 in Resources */,
				CFFBD9EF2A0C78D200CE76BC /* newcastle.mp3 in Resources */,
				CFFBD9FE2A0C78D200CE76BC /* manchester_united.mp3 in Resources */,
				CFFBD9F12A0C78D200CE76BC /* west_brom.mp3 in Resources */,
				CFFBD9F02A0C78D200CE76BC /* sheffield.mp3 in Resources */,
				CFFBD9EE2A0C78D200CE76BC /* burnley.mp3 in Resources */,
				CFFBD9CC2A0C74A700CE76BC /* Main.storyboard in Resources */,
				CFFBD9F82A0C78D200CE76BC /* leeds.mp3 in Resources */,
				CFFBD9F42A0C78D200CE76BC /* liverpool.mp3 in Resources */,
				CFFBD9FA2A0C78D200CE76BC /* tottenham.mp3 in Resources */,
				CFFBD9FB2A0C78D200CE76BC /* brighton.mp3 in Resources */,
				CFFBD9FF2A0C78D200CE76BC /* arsenal.mp3 in Resources */,
				CFFBD9FD2A0C78D200CE76BC /* manchester_city.mp3 in Resources */,
			);
			runOnlyForDeploymentPostprocessing = 0;
		};
/* End PBXResourcesBuildPhase section */

/* Begin PBXSourcesBuildPhase section */
		CFFBD9BD2A0C74A700CE76BC /* Sources */ = {
			isa = PBXSourcesBuildPhase;
			buildActionMask = 2147483647;
			files = (
				CFFBDA062A0C7BA700CE76BC /* ChantsViewController.swift in Sources */,
				CFFBDA0E2A0C9F2300CE76BC /* TeamsViewModel.swift in Sources */,
				CFFBDA0B2A0C9A3300CE76BC /* Manager.swift in Sources */,
				CFFBDA012A0C78D200CE76BC /* Teams.swift in Sources */,
				CF8C85862A0CA3C0006E9FF9 /* TeamTableViewCell.swift in Sources */,
				CFFBD9C52A0C74A700CE76BC /* AppDelegate.swift in Sources */,
				CFFBDA092A0C99B600CE76BC /* Team.swift in Sources */,
				CFFBD9C72A0C74A700CE76BC /* SceneDelegate.swift in Sources */,
				CF5624C62A0D988800CBD395 /* Assets.swift in Sources */,
			);
			runOnlyForDeploymentPostprocessing = 0;
		};
/* End PBXSourcesBuildPhase section */

/* Begin PBXVariantGroup section */
		CFFBD9CA2A0C74A700CE76BC /* Main.storyboard */ = {
			isa = PBXVariantGroup;
			children = (
				CFFBD9CB2A0C74A700CE76BC /* Base */,
			);
			name = Main.storyboard;
			sourceTree = "<group>";
		};
		CFFBD9CF2A0C74A900CE76BC /* LaunchScreen.storyboard */ = {
			isa = PBXVariantGroup;
			children = (
				CFFBD9D02A0C74A900CE76BC /* Base */,
			);
			name = LaunchScreen.storyboard;
			sourceTree = "<group>";
		};
/* End PBXVariantGroup section */

/* Begin XCBuildConfiguration section */
		CFFBD9D32A0C74A900CE76BC /* Debug */ = {
			isa = XCBuildConfiguration;
			buildSettings = {
				ALWAYS_SEARCH_USER_PATHS = NO;
				CLANG_ANALYZER_NONNULL = YES;
				CLANG_ANALYZER_NUMBER_OBJECT_CONVERSION = YES_AGGRESSIVE;
				CLANG_CXX_LANGUAGE_STANDARD = "gnu++20";
				CLANG_ENABLE_MODULES = YES;
				CLANG_ENABLE_OBJC_ARC = YES;
				CLANG_ENABLE_OBJC_WEAK = YES;
				CLANG_WARN_BLOCK_CAPTURE_AUTORELEASING = YES;
				CLANG_WARN_BOOL_CONVERSION = YES;
				CLANG_WARN_COMMA = YES;
				CLANG_WARN_CONSTANT_CONVERSION = YES;
				CLANG_WARN_DEPRECATED_OBJC_IMPLEMENTATIONS = YES;
				CLANG_WARN_DIRECT_OBJC_ISA_USAGE = YES_ERROR;
				CLANG_WARN_DOCUMENTATION_COMMENTS = YES;
				CLANG_WARN_EMPTY_BODY = YES;
				CLANG_WARN_ENUM_CONVERSION = YES;
				CLANG_WARN_INFINITE_RECURSION = YES;
				CLANG_WARN_INT_CONVERSION = YES;
				CLANG_WARN_NON_LITERAL_NULL_CONVERSION = YES;
				CLANG_WARN_OBJC_IMPLICIT_RETAIN_SELF = YES;
				CLANG_WARN_OBJC_LITERAL_CONVERSION = YES;
				CLANG_WARN_OBJC_ROOT_CLASS = YES_ERROR;
				CLANG_WARN_QUOTED_INCLUDE_IN_FRAMEWORK_HEADER = YES;
				CLANG_WARN_RANGE_LOOP_ANALYSIS = YES;
				CLANG_WARN_STRICT_PROTOTYPES = YES;
				CLANG_WARN_SUSPICIOUS_MOVE = YES;
				CLANG_WARN_UNGUARDED_AVAILABILITY = YES_AGGRESSIVE;
				CLANG_WARN_UNREACHABLE_CODE = YES;
				CLANG_WARN__DUPLICATE_METHOD_MATCH = YES;
				COPY_PHASE_STRIP = NO;
				DEBUG_INFORMATION_FORMAT = dwarf;
				ENABLE_STRICT_OBJC_MSGSEND = YES;
				ENABLE_TESTABILITY = YES;
				GCC_C_LANGUAGE_STANDARD = gnu11;
				GCC_DYNAMIC_NO_PIC = NO;
				GCC_NO_COMMON_BLOCKS = YES;
				GCC_OPTIMIZATION_LEVEL = 0;
				GCC_PREPROCESSOR_DEFINITIONS = (
					"DEBUG=1",
					"$(inherited)",
				);
				GCC_WARN_64_TO_32_BIT_CONVERSION = YES;
				GCC_WARN_ABOUT_RETURN_TYPE = YES_ERROR;
				GCC_WARN_UNDECLARED_SELECTOR = YES;
				GCC_WARN_UNINITIALIZED_AUTOS = YES_AGGRESSIVE;
				GCC_WARN_UNUSED_FUNCTION = YES;
				GCC_WARN_UNUSED_VARIABLE = YES;
				IPHONEOS_DEPLOYMENT_TARGET = 16.4;
				MTL_ENABLE_DEBUG_INFO = INCLUDE_SOURCE;
				MTL_FAST_MATH = YES;
				ONLY_ACTIVE_ARCH = YES;
				SDKROOT = iphoneos;
				SWIFT_ACTIVE_COMPILATION_CONDITIONS = DEBUG;
				SWIFT_OPTIMIZATION_LEVEL = "-Onone";
			};
			name = Debug;
		};
		CFFBD9D42A0C74A900CE76BC /* Release */ = {
			isa = XCBuildConfiguration;
			buildSettings = {
				ALWAYS_SEARCH_USER_PATHS = NO;
				CLANG_ANALYZER_NONNULL = YES;
				CLANG_ANALYZER_NUMBER_OBJECT_CONVERSION = YES_AGGRESSIVE;
				CLANG_CXX_LANGUAGE_STANDARD = "gnu++20";
				CLANG_ENABLE_MODULES = YES;
				CLANG_ENABLE_OBJC_ARC = YES;
				CLANG_ENABLE_OBJC_WEAK = YES;
				CLANG_WARN_BLOCK_CAPTURE_AUTORELEASING = YES;
				CLANG_WARN_BOOL_CONVERSION = YES;
				CLANG_WARN_COMMA = YES;
				CLANG_WARN_CONSTANT_CONVERSION = YES;
				CLANG_WARN_DEPRECATED_OBJC_IMPLEMENTATIONS = YES;
				CLANG_WARN_DIRECT_OBJC_ISA_USAGE = YES_ERROR;
				CLANG_WARN_DOCUMENTATION_COMMENTS = YES;
				CLANG_WARN_EMPTY_BODY = YES;
				CLANG_WARN_ENUM_CONVERSION = YES;
				CLANG_WARN_INFINITE_RECURSION = YES;
				CLANG_WARN_INT_CONVERSION = YES;
				CLANG_WARN_NON_LITERAL_NULL_CONVERSION = YES;
				CLANG_WARN_OBJC_IMPLICIT_RETAIN_SELF = YES;
				CLANG_WARN_OBJC_LITERAL_CONVERSION = YES;
				CLANG_WARN_OBJC_ROOT_CLASS = YES_ERROR;
				CLANG_WARN_QUOTED_INCLUDE_IN_FRAMEWORK_HEADER = YES;
				CLANG_WARN_RANGE_LOOP_ANALYSIS = YES;
				CLANG_WARN_STRICT_PROTOTYPES = YES;
				CLANG_WARN_SUSPICIOUS_MOVE = YES;
				CLANG_WARN_UNGUARDED_AVAILABILITY = YES_AGGRESSIVE;
				CLANG_WARN_UNREACHABLE_CODE = YES;
				CLANG_WARN__DUPLICATE_METHOD_MATCH = YES;
				COPY_PHASE_STRIP = NO;
				DEBUG_INFORMATION_FORMAT = "dwarf-with-dsym";
				ENABLE_NS_ASSERTIONS = NO;
				ENABLE_STRICT_OBJC_MSGSEND = YES;
				GCC_C_LANGUAGE_STANDARD = gnu11;
				GCC_NO_COMMON_BLOCKS = YES;
				GCC_WARN_64_TO_32_BIT_CONVERSION = YES;
				GCC_WARN_ABOUT_RETURN_TYPE = YES_ERROR;
				GCC_WARN_UNDECLARED_SELECTOR = YES;
				GCC_WARN_UNINITIALIZED_AUTOS = YES_AGGRESSIVE;
				GCC_WARN_UNUSED_FUNCTION = YES;
				GCC_WARN_UNUSED_VARIABLE = YES;
				IPHONEOS_DEPLOYMENT_TARGET = 16.4;
				MTL_ENABLE_DEBUG_INFO = NO;
				MTL_FAST_MATH = YES;
				SDKROOT = iphoneos;
				SWIFT_COMPILATION_MODE = wholemodule;
				SWIFT_OPTIMIZATION_LEVEL = "-O";
				VALIDATE_PRODUCT = YES;
			};
			name = Release;
		};
		CFFBD9D62A0C74A900CE76BC /* Debug */ = {
			isa = XCBuildConfiguration;
			buildSettings = {
				ASSETCATALOG_COMPILER_APPICON_NAME = AppIcon;
				ASSETCATALOG_COMPILER_GLOBAL_ACCENT_COLOR_NAME = AccentColor;
				CODE_SIGN_STYLE = Automatic;
				CURRENT_PROJECT_VERSION = 1;
				GENERATE_INFOPLIST_FILE = YES;
				INFOPLIST_FILE = "Football Chants/Info.plist";
				INFOPLIST_KEY_CFBundleDisplayName = "Football Chants";
				INFOPLIST_KEY_UIApplicationSupportsIndirectInputEvents = YES;
				INFOPLIST_KEY_UILaunchStoryboardName = LaunchScreen.storyboard;
				INFOPLIST_KEY_UIMainStoryboardFile = Main;
				INFOPLIST_KEY_UISupportedInterfaceOrientations = UIInterfaceOrientationPortrait;
				INFOPLIST_KEY_UISupportedInterfaceOrientations_iPad = "UIInterfaceOrientationLandscapeLeft UIInterfaceOrientationLandscapeRight UIInterfaceOrientationPortrait UIInterfaceOrientationPortraitUpsideDown";
				IPHONEOS_DEPLOYMENT_TARGET = 13.0;
				LD_RUNPATH_SEARCH_PATHS = (
					"$(inherited)",
					"@executable_path/Frameworks",
				);
				MARKETING_VERSION = 1.0;
				PRODUCT_BUNDLE_IDENTIFIER = "com.ricardo.Football-Chants";
				PRODUCT_NAME = "$(TARGET_NAME)";
				SUPPORTED_PLATFORMS = "iphoneos iphonesimulator";
				SUPPORTS_MACCATALYST = NO;
				SUPPORTS_MAC_DESIGNED_FOR_IPHONE_IPAD = NO;
				SWIFT_EMIT_LOC_STRINGS = YES;
				SWIFT_VERSION = 5.0;
				TARGETED_DEVICE_FAMILY = 1;
			};
			name = Debug;
		};
		CFFBD9D72A0C74A900CE76BC /* Release */ = {
			isa = XCBuildConfiguration;
			buildSettings = {
				ASSETCATALOG_COMPILER_APPICON_NAME = AppIcon;
				ASSETCATALOG_COMPILER_GLOBAL_ACCENT_COLOR_NAME = AccentColor;
				CODE_SIGN_STYLE = Automatic;
				CURRENT_PROJECT_VERSION = 1;
				GENERATE_INFOPLIST_FILE = YES;
				INFOPLIST_FILE = "Football Chants/Info.plist";
				INFOPLIST_KEY_CFBundleDisplayName = "Football Chants";
				INFOPLIST_KEY_UIApplicationSupportsIndirectInputEvents = YES;
				INFOPLIST_KEY_UILaunchStoryboardName = LaunchScreen.storyboard;
				INFOPLIST_KEY_UIMainStoryboardFile = Main;
				INFOPLIST_KEY_UISupportedInterfaceOrientations = UIInterfaceOrientationPortrait;
				INFOPLIST_KEY_UISupportedInterfaceOrientations_iPad = "UIInterfaceOrientationLandscapeLeft UIInterfaceOrientationLandscapeRight UIInterfaceOrientationPortrait UIInterfaceOrientationPortraitUpsideDown";
				IPHONEOS_DEPLOYMENT_TARGET = 13.0;
				LD_RUNPATH_SEARCH_PATHS = (
					"$(inherited)",
					"@executable_path/Frameworks",
				);
				MARKETING_VERSION = 1.0;
				PRODUCT_BUNDLE_IDENTIFIER = "com.ricardo.Football-Chants";
				PRODUCT_NAME = "$(TARGET_NAME)";
				SUPPORTED_PLATFORMS = "iphoneos iphonesimulator";
				SUPPORTS_MACCATALYST = NO;
				SUPPORTS_MAC_DESIGNED_FOR_IPHONE_IPAD = NO;
				SWIFT_EMIT_LOC_STRINGS = YES;
				SWIFT_VERSION = 5.0;
				TARGETED_DEVICE_FAMILY = 1;
			};
			name = Release;
		};
/* End XCBuildConfiguration section */

/* Begin XCConfigurationList section */
		CFFBD9BC2A0C74A700CE76BC /* Build configuration list for PBXProject "Football Chants" */ = {
			isa = XCConfigurationList;
			buildConfigurations = (
				CFFBD9D32A0C74A900CE76BC /* Debug */,
				CFFBD9D42A0C74A900CE76BC /* Release */,
			);
			defaultConfigurationIsVisible = 0;
			defaultConfigurationName = Release;
		};
		CFFBD9D52A0C74A900CE76BC /* Build configuration list for PBXNativeTarget "Football Chants" */ = {
			isa = XCConfigurationList;
			buildConfigurations = (
				CFFBD9D62A0C74A900CE76BC /* Debug */,
				CFFBD9D72A0C74A900CE76BC /* Release */,
			);
			defaultConfigurationIsVisible = 0;
			defaultConfigurationName = Release;
		};
/* End XCConfigurationList section */
	};
	rootObject = CFFBD9B92A0C74A600CE76BC /* Project object */;
}
